// !$*UTF8*$!
{
	archiveVersion = 1;
	classes = {
	};
	objectVersion = 55;
	objects = {

/* Begin PBXBuildFile section */
		4B4898815232DE0008CBB1C2 /* Pods_BCSell.framework in Frameworks */ = {isa = PBXBuildFile; fileRef = 7E8EE451FD05656B78110EEF /* Pods_BCSell.framework */; };
		5A97F0EA281D08DE006FA8D2 /* Profile.swift in Sources */ = {isa = PBXBuildFile; fileRef = 5A97F0E9281D08DE006FA8D2 /* Profile.swift */; };
		5A97F0EC281D0B04006FA8D2 /* Profiles.swift in Sources */ = {isa = PBXBuildFile; fileRef = 5A97F0EB281D0B04006FA8D2 /* Profiles.swift */; };
		5A97F112281E4629006FA8D2 /* ListingTableViewCell.swift in Sources */ = {isa = PBXBuildFile; fileRef = 5A97F111281E4629006FA8D2 /* ListingTableViewCell.swift */; };
		5ADB11EE2818FD9E00BBF7FC /* AppDelegate.swift in Sources */ = {isa = PBXBuildFile; fileRef = 5ADB11ED2818FD9E00BBF7FC /* AppDelegate.swift */; };
		5ADB11F02818FD9E00BBF7FC /* SceneDelegate.swift in Sources */ = {isa = PBXBuildFile; fileRef = 5ADB11EF2818FD9E00BBF7FC /* SceneDelegate.swift */; };
		5ADB11F22818FD9E00BBF7FC /* HomeViewController.swift in Sources */ = {isa = PBXBuildFile; fileRef = 5ADB11F12818FD9E00BBF7FC /* HomeViewController.swift */; };
		5ADB11F52818FD9E00BBF7FC /* Main.storyboard in Resources */ = {isa = PBXBuildFile; fileRef = 5ADB11F32818FD9E00BBF7FC /* Main.storyboard */; };
		5ADB11F72818FDA000BBF7FC /* Assets.xcassets in Resources */ = {isa = PBXBuildFile; fileRef = 5ADB11F62818FDA000BBF7FC /* Assets.xcassets */; };
		5ADB11FA2818FDA000BBF7FC /* LaunchScreen.storyboard in Resources */ = {isa = PBXBuildFile; fileRef = 5ADB11F82818FDA000BBF7FC /* LaunchScreen.storyboard */; };
		5ADB1206281904C500BBF7FC /* GoogleService-Info.plist in Resources */ = {isa = PBXBuildFile; fileRef = 5ADB1205281904C500BBF7FC /* GoogleService-Info.plist */; };
		5ADB12082819D35700BBF7FC /* ListingTableViewController.swift in Sources */ = {isa = PBXBuildFile; fileRef = 5ADB12072819D35700BBF7FC /* ListingTableViewController.swift */; };
		5ADB120A2819D42C00BBF7FC /* Listing.swift in Sources */ = {isa = PBXBuildFile; fileRef = 5ADB12092819D42C00BBF7FC /* Listing.swift */; };
		5ADB120C281A22D300BBF7FC /* PhotosCollectionViewCell.swift in Sources */ = {isa = PBXBuildFile; fileRef = 5ADB120B281A22D300BBF7FC /* PhotosCollectionViewCell.swift */; };
		5ADB120E281B5BDE00BBF7FC /* Listings.swift in Sources */ = {isa = PBXBuildFile; fileRef = 5ADB120D281B5BDE00BBF7FC /* Listings.swift */; };
		5ADB1210281CA55900BBF7FC /* Photo.swift in Sources */ = {isa = PBXBuildFile; fileRef = 5ADB120F281CA55800BBF7FC /* Photo.swift */; };
		5ADB1212281CC92D00BBF7FC /* Photos.swift in Sources */ = {isa = PBXBuildFile; fileRef = 5ADB1211281CC92D00BBF7FC /* Photos.swift */; };
		5ADB1214281CD17100BBF7FC /* UIBarButtonItem+hide.swift in Sources */ = {isa = PBXBuildFile; fileRef = 5ADB1213281CD17100BBF7FC /* UIBarButtonItem+hide.swift */; };
		5ADB1216281CD1C700BBF7FC /* UIViewController+Alert.swift in Sources */ = {isa = PBXBuildFile; fileRef = 5ADB1215281CD1C700BBF7FC /* UIViewController+Alert.swift */; };
		5ADB1218281CEF3F00BBF7FC /* UIView+AddBorder.swift in Sources */ = {isa = PBXBuildFile; fileRef = 5ADB1217281CEF3F00BBF7FC /* UIView+AddBorder.swift */; };
		5ADB121C281CFA4A00BBF7FC /* ProfileViewController.swift in Sources */ = {isa = PBXBuildFile; fileRef = 5ADB121B281CFA4900BBF7FC /* ProfileViewController.swift */; };
/* End PBXBuildFile section */

/* Begin PBXFileReference section */
		39DE1B4E2D4DDAC46137B4BD /* Pods-BCSell.debug.xcconfig */ = {isa = PBXFileReference; includeInIndex = 1; lastKnownFileType = text.xcconfig; name = "Pods-BCSell.debug.xcconfig"; path = "Target Support Files/Pods-BCSell/Pods-BCSell.debug.xcconfig"; sourceTree = "<group>"; };
		5A97F0E9281D08DE006FA8D2 /* Profile.swift */ = {isa = PBXFileReference; lastKnownFileType = sourcecode.swift; path = Profile.swift; sourceTree = "<group>"; };
		5A97F0EB281D0B04006FA8D2 /* Profiles.swift */ = {isa = PBXFileReference; lastKnownFileType = sourcecode.swift; path = Profiles.swift; sourceTree = "<group>"; };
		5A97F111281E4629006FA8D2 /* ListingTableViewCell.swift */ = {isa = PBXFileReference; lastKnownFileType = sourcecode.swift; path = ListingTableViewCell.swift; sourceTree = "<group>"; };
		5ADB11EA2818FD9E00BBF7FC /* BCSell.app */ = {isa = PBXFileReference; explicitFileType = wrapper.application; includeInIndex = 0; path = BCSell.app; sourceTree = BUILT_PRODUCTS_DIR; };
		5ADB11ED2818FD9E00BBF7FC /* AppDelegate.swift */ = {isa = PBXFileReference; lastKnownFileType = sourcecode.swift; path = AppDelegate.swift; sourceTree = "<group>"; };
		5ADB11EF2818FD9E00BBF7FC /* SceneDelegate.swift */ = {isa = PBXFileReference; lastKnownFileType = sourcecode.swift; path = SceneDelegate.swift; sourceTree = "<group>"; };
		5ADB11F12818FD9E00BBF7FC /* HomeViewController.swift */ = {isa = PBXFileReference; lastKnownFileType = sourcecode.swift; path = HomeViewController.swift; sourceTree = "<group>"; };
		5ADB11F42818FD9E00BBF7FC /* Base */ = {isa = PBXFileReference; lastKnownFileType = file.storyboard; name = Base; path = Base.lproj/Main.storyboard; sourceTree = "<group>"; };
		5ADB11F62818FDA000BBF7FC /* Assets.xcassets */ = {isa = PBXFileReference; lastKnownFileType = folder.assetcatalog; path = Assets.xcassets; sourceTree = "<group>"; };
		5ADB11F92818FDA000BBF7FC /* Base */ = {isa = PBXFileReference; lastKnownFileType = file.storyboard; name = Base; path = Base.lproj/LaunchScreen.storyboard; sourceTree = "<group>"; };
		5ADB11FB2818FDA000BBF7FC /* Info.plist */ = {isa = PBXFileReference; lastKnownFileType = text.plist.xml; path = Info.plist; sourceTree = "<group>"; };
		5ADB1205281904C500BBF7FC /* GoogleService-Info.plist */ = {isa = PBXFileReference; lastKnownFileType = text.plist; path = "GoogleService-Info.plist"; sourceTree = SOURCE_ROOT; };
		5ADB12072819D35700BBF7FC /* ListingTableViewController.swift */ = {isa = PBXFileReference; lastKnownFileType = sourcecode.swift; path = ListingTableViewController.swift; sourceTree = "<group>"; };
		5ADB12092819D42C00BBF7FC /* Listing.swift */ = {isa = PBXFileReference; lastKnownFileType = sourcecode.swift; path = Listing.swift; sourceTree = "<group>"; };
		5ADB120B281A22D300BBF7FC /* PhotosCollectionViewCell.swift */ = {isa = PBXFileReference; lastKnownFileType = sourcecode.swift; path = PhotosCollectionViewCell.swift; sourceTree = "<group>"; };
		5ADB120D281B5BDE00BBF7FC /* Listings.swift */ = {isa = PBXFileReference; lastKnownFileType = sourcecode.swift; path = Listings.swift; sourceTree = "<group>"; };
		5ADB120F281CA55800BBF7FC /* Photo.swift */ = {isa = PBXFileReference; lastKnownFileType = sourcecode.swift; path = Photo.swift; sourceTree = "<group>"; };
		5ADB1211281CC92D00BBF7FC /* Photos.swift */ = {isa = PBXFileReference; fileEncoding = 4; lastKnownFileType = sourcecode.swift; name = Photos.swift; path = ../../Snacktacular/Snacktacular/Models/Photos.swift; sourceTree = "<group>"; };
		5ADB1213281CD17100BBF7FC /* UIBarButtonItem+hide.swift */ = {isa = PBXFileReference; fileEncoding = 4; lastKnownFileType = sourcecode.swift; name = "UIBarButtonItem+hide.swift"; path = "../../Snacktacular/Snacktacular/Utilities/UIBarButtonItem+hide.swift"; sourceTree = "<group>"; };
		5ADB1215281CD1C700BBF7FC /* UIViewController+Alert.swift */ = {isa = PBXFileReference; fileEncoding = 4; lastKnownFileType = sourcecode.swift; name = "UIViewController+Alert.swift"; path = "../../Snacktacular/Snacktacular/Utilities/UIViewController+Alert.swift"; sourceTree = "<group>"; };
		5ADB1217281CEF3F00BBF7FC /* UIView+AddBorder.swift */ = {isa = PBXFileReference; fileEncoding = 4; lastKnownFileType = sourcecode.swift; name = "UIView+AddBorder.swift"; path = "../../Snacktacular/Snacktacular/Utilities/UIView+AddBorder.swift"; sourceTree = "<group>"; };
		5ADB121B281CFA4900BBF7FC /* ProfileViewController.swift */ = {isa = PBXFileReference; fileEncoding = 4; lastKnownFileType = sourcecode.swift; path = ProfileViewController.swift; sourceTree = "<group>"; };
		5DD4928A8294BC73E7727E38 /* Pods-BCSell.release.xcconfig */ = {isa = PBXFileReference; includeInIndex = 1; lastKnownFileType = text.xcconfig; name = "Pods-BCSell.release.xcconfig"; path = "Target Support Files/Pods-BCSell/Pods-BCSell.release.xcconfig"; sourceTree = "<group>"; };
		7E8EE451FD05656B78110EEF /* Pods_BCSell.framework */ = {isa = PBXFileReference; explicitFileType = wrapper.framework; includeInIndex = 0; path = Pods_BCSell.framework; sourceTree = BUILT_PRODUCTS_DIR; };
/* End PBXFileReference section */

/* Begin PBXFrameworksBuildPhase section */
		5ADB11E72818FD9E00BBF7FC /* Frameworks */ = {
			isa = PBXFrameworksBuildPhase;
			buildActionMask = 2147483647;
			files = (
				4B4898815232DE0008CBB1C2 /* Pods_BCSell.framework in Frameworks */,
			);
			runOnlyForDeploymentPostprocessing = 0;
		};
/* End PBXFrameworksBuildPhase section */

/* Begin PBXGroup section */
		26980DFDDF9EFD7089F09F38 /* Pods */ = {
			isa = PBXGroup;
			children = (
				39DE1B4E2D4DDAC46137B4BD /* Pods-BCSell.debug.xcconfig */,
				5DD4928A8294BC73E7727E38 /* Pods-BCSell.release.xcconfig */,
			);
			path = Pods;
			sourceTree = "<group>";
		};
		5ADB11E12818FD9E00BBF7FC = {
			isa = PBXGroup;
			children = (
				5ADB11EC2818FD9E00BBF7FC /* BCSell */,
				5ADB11EB2818FD9E00BBF7FC /* Products */,
				26980DFDDF9EFD7089F09F38 /* Pods */,
				69104CFEEEB295345D1815E1 /* Frameworks */,
			);
			sourceTree = "<group>";
		};
		5ADB11EB2818FD9E00BBF7FC /* Products */ = {
			isa = PBXGroup;
			children = (
				5ADB11EA2818FD9E00BBF7FC /* BCSell.app */,
			);
			name = Products;
			sourceTree = "<group>";
		};
		5ADB11EC2818FD9E00BBF7FC /* BCSell */ = {
			isa = PBXGroup;
			children = (
				5ADB11ED2818FD9E00BBF7FC /* AppDelegate.swift */,
				5ADB11EF2818FD9E00BBF7FC /* SceneDelegate.swift */,
				5ADB11F12818FD9E00BBF7FC /* HomeViewController.swift */,
				5ADB12072819D35700BBF7FC /* ListingTableViewController.swift */,
				5ADB120B281A22D300BBF7FC /* PhotosCollectionViewCell.swift */,
				5A97F111281E4629006FA8D2 /* ListingTableViewCell.swift */,
				5ADB121B281CFA4900BBF7FC /* ProfileViewController.swift */,
				5A97F0E9281D08DE006FA8D2 /* Profile.swift */,
				5A97F0EB281D0B04006FA8D2 /* Profiles.swift */,
				5ADB12092819D42C00BBF7FC /* Listing.swift */,
				5ADB120D281B5BDE00BBF7FC /* Listings.swift */,
				5ADB120F281CA55800BBF7FC /* Photo.swift */,
				5ADB1211281CC92D00BBF7FC /* Photos.swift */,
				5ADB11F32818FD9E00BBF7FC /* Main.storyboard */,
				5ADB1213281CD17100BBF7FC /* UIBarButtonItem+hide.swift */,
				5ADB1215281CD1C700BBF7FC /* UIViewController+Alert.swift */,
				5ADB1217281CEF3F00BBF7FC /* UIView+AddBorder.swift */,
				5ADB11F62818FDA000BBF7FC /* Assets.xcassets */,
				5ADB11F82818FDA000BBF7FC /* LaunchScreen.storyboard */,
				5ADB11FB2818FDA000BBF7FC /* Info.plist */,
				5ADB1205281904C500BBF7FC /* GoogleService-Info.plist */,
			);
			path = BCSell;
			sourceTree = "<group>";
		};
		69104CFEEEB295345D1815E1 /* Frameworks */ = {
			isa = PBXGroup;
			children = (
				7E8EE451FD05656B78110EEF /* Pods_BCSell.framework */,
			);
			name = Frameworks;
			sourceTree = "<group>";
		};
/* End PBXGroup section */

/* Begin PBXNativeTarget section */
		5ADB11E92818FD9E00BBF7FC /* BCSell */ = {
			isa = PBXNativeTarget;
			buildConfigurationList = 5ADB11FE2818FDA000BBF7FC /* Build configuration list for PBXNativeTarget "BCSell" */;
			buildPhases = (
				A3ACD5FFB65C0EA4B809C781 /* [CP] Check Pods Manifest.lock */,
				5ADB11E62818FD9E00BBF7FC /* Sources */,
				5ADB11E72818FD9E00BBF7FC /* Frameworks */,
				5ADB11E82818FD9E00BBF7FC /* Resources */,
				81BF109AEB7C286E18B4EDEC /* [CP] Embed Pods Frameworks */,
				89DCD3256F9D360D9A73CB75 /* [CP] Copy Pods Resources */,
			);
			buildRules = (
			);
			dependencies = (
			);
			name = BCSell;
			productName = BCSell;
			productReference = 5ADB11EA2818FD9E00BBF7FC /* BCSell.app */;
			productType = "com.apple.product-type.application";
		};
/* End PBXNativeTarget section */

/* Begin PBXProject section */
		5ADB11E22818FD9E00BBF7FC /* Project object */ = {
			isa = PBXProject;
			attributes = {
				BuildIndependentTargetsInParallel = 1;
				LastSwiftUpdateCheck = 1330;
				LastUpgradeCheck = 1330;
				TargetAttributes = {
					5ADB11E92818FD9E00BBF7FC = {
						CreatedOnToolsVersion = 13.3.1;
					};
				};
			};
			buildConfigurationList = 5ADB11E52818FD9E00BBF7FC /* Build configuration list for PBXProject "BCSell" */;
			compatibilityVersion = "Xcode 13.0";
			developmentRegion = en;
			hasScannedForEncodings = 0;
			knownRegions = (
				en,
				Base,
			);
			mainGroup = 5ADB11E12818FD9E00BBF7FC;
			productRefGroup = 5ADB11EB2818FD9E00BBF7FC /* Products */;
			projectDirPath = "";
			projectRoot = "";
			targets = (
				5ADB11E92818FD9E00BBF7FC /* BCSell */,
			);
		};
/* End PBXProject section */

/* Begin PBXResourcesBuildPhase section */
		5ADB11E82818FD9E00BBF7FC /* Resources */ = {
			isa = PBXResourcesBuildPhase;
			buildActionMask = 2147483647;
			files = (
				5ADB11FA2818FDA000BBF7FC /* LaunchScreen.storyboard in Resources */,
				5ADB1206281904C500BBF7FC /* GoogleService-Info.plist in Resources */,
				5ADB11F72818FDA000BBF7FC /* Assets.xcassets in Resources */,
				5ADB11F52818FD9E00BBF7FC /* Main.storyboard in Resources */,
			);
			runOnlyForDeploymentPostprocessing = 0;
		};
/* End PBXResourcesBuildPhase section */

/* Begin PBXShellScriptBuildPhase section */
		81BF109AEB7C286E18B4EDEC /* [CP] Embed Pods Frameworks */ = {
			isa = PBXShellScriptBuildPhase;
			buildActionMask = 2147483647;
			files = (
			);
			inputFileListPaths = (
				"${PODS_ROOT}/Target Support Files/Pods-BCSell/Pods-BCSell-frameworks-${CONFIGURATION}-input-files.xcfilelist",
			);
			name = "[CP] Embed Pods Frameworks";
			outputFileListPaths = (
				"${PODS_ROOT}/Target Support Files/Pods-BCSell/Pods-BCSell-frameworks-${CONFIGURATION}-output-files.xcfilelist",
			);
			runOnlyForDeploymentPostprocessing = 0;
			shellPath = /bin/sh;
			shellScript = "\"${PODS_ROOT}/Target Support Files/Pods-BCSell/Pods-BCSell-frameworks.sh\"\n";
			showEnvVarsInLog = 0;
		};
		89DCD3256F9D360D9A73CB75 /* [CP] Copy Pods Resources */ = {
			isa = PBXShellScriptBuildPhase;
			buildActionMask = 2147483647;
			files = (
			);
			inputFileListPaths = (
				"${PODS_ROOT}/Target Support Files/Pods-BCSell/Pods-BCSell-resources-${CONFIGURATION}-input-files.xcfilelist",
			);
			name = "[CP] Copy Pods Resources";
			outputFileListPaths = (
				"${PODS_ROOT}/Target Support Files/Pods-BCSell/Pods-BCSell-resources-${CONFIGURATION}-output-files.xcfilelist",
			);
			runOnlyForDeploymentPostprocessing = 0;
			shellPath = /bin/sh;
			shellScript = "\"${PODS_ROOT}/Target Support Files/Pods-BCSell/Pods-BCSell-resources.sh\"\n";
			showEnvVarsInLog = 0;
		};
		A3ACD5FFB65C0EA4B809C781 /* [CP] Check Pods Manifest.lock */ = {
			isa = PBXShellScriptBuildPhase;
			buildActionMask = 2147483647;
			files = (
			);
			inputFileListPaths = (
			);
			inputPaths = (
				"${PODS_PODFILE_DIR_PATH}/Podfile.lock",
				"${PODS_ROOT}/Manifest.lock",
			);
			name = "[CP] Check Pods Manifest.lock";
			outputFileListPaths = (
			);
			outputPaths = (
				"$(DERIVED_FILE_DIR)/Pods-BCSell-checkManifestLockResult.txt",
			);
			runOnlyForDeploymentPostprocessing = 0;
			shellPath = /bin/sh;
			shellScript = "diff \"${PODS_PODFILE_DIR_PATH}/Podfile.lock\" \"${PODS_ROOT}/Manifest.lock\" > /dev/null\nif [ $? != 0 ] ; then\n    # print error to STDERR\n    echo \"error: The sandbox is not in sync with the Podfile.lock. Run 'pod install' or update your CocoaPods installation.\" >&2\n    exit 1\nfi\n# This output is used by Xcode 'outputs' to avoid re-running this script phase.\necho \"SUCCESS\" > \"${SCRIPT_OUTPUT_FILE_0}\"\n";
			showEnvVarsInLog = 0;
		};
/* End PBXShellScriptBuildPhase section */

/* Begin PBXSourcesBuildPhase section */
		5ADB11E62818FD9E00BBF7FC /* Sources */ = {
			isa = PBXSourcesBuildPhase;
			buildActionMask = 2147483647;
			files = (
				5ADB1212281CC92D00BBF7FC /* Photos.swift in Sources */,
				5ADB1210281CA55900BBF7FC /* Photo.swift in Sources */,
				5A97F112281E4629006FA8D2 /* ListingTableViewCell.swift in Sources */,
				5ADB1214281CD17100BBF7FC /* UIBarButtonItem+hide.swift in Sources */,
				5A97F0EA281D08DE006FA8D2 /* Profile.swift in Sources */,
				5ADB120E281B5BDE00BBF7FC /* Listings.swift in Sources */,
				5ADB1216281CD1C700BBF7FC /* UIViewController+Alert.swift in Sources */,
				5ADB120C281A22D300BBF7FC /* PhotosCollectionViewCell.swift in Sources */,
				5ADB12082819D35700BBF7FC /* ListingTableViewController.swift in Sources */,
				5ADB11F22818FD9E00BBF7FC /* HomeViewController.swift in Sources */,
				5A97F0EC281D0B04006FA8D2 /* Profiles.swift in Sources */,
				5ADB1218281CEF3F00BBF7FC /* UIView+AddBorder.swift in Sources */,
				5ADB120A2819D42C00BBF7FC /* Listing.swift in Sources */,
				5ADB121C281CFA4A00BBF7FC /* ProfileViewController.swift in Sources */,
				5ADB11EE2818FD9E00BBF7FC /* AppDelegate.swift in Sources */,
				5ADB11F02818FD9E00BBF7FC /* SceneDelegate.swift in Sources */,
			);
			runOnlyForDeploymentPostprocessing = 0;
		};
/* End PBXSourcesBuildPhase section */

/* Begin PBXVariantGroup section */
		5ADB11F32818FD9E00BBF7FC /* Main.storyboard */ = {
			isa = PBXVariantGroup;
			children = (
				5ADB11F42818FD9E00BBF7FC /* Base */,
			);
			name = Main.storyboard;
			sourceTree = "<group>";
		};
		5ADB11F82818FDA000BBF7FC /* LaunchScreen.storyboard */ = {
			isa = PBXVariantGroup;
			children = (
				5ADB11F92818FDA000BBF7FC /* Base */,
			);
			name = LaunchScreen.storyboard;
			sourceTree = "<group>";
		};
/* End PBXVariantGroup section */

/* Begin XCBuildConfiguration section */
		5ADB11FC2818FDA000BBF7FC /* Debug */ = {
			isa = XCBuildConfiguration;
			buildSettings = {
				ALWAYS_SEARCH_USER_PATHS = NO;
				CLANG_ANALYZER_NONNULL = YES;
				CLANG_ANALYZER_NUMBER_OBJECT_CONVERSION = YES_AGGRESSIVE;
				CLANG_CXX_LANGUAGE_STANDARD = "gnu++17";
				CLANG_ENABLE_MODULES = YES;
				CLANG_ENABLE_OBJC_ARC = YES;
				CLANG_ENABLE_OBJC_WEAK = YES;
				CLANG_WARN_BLOCK_CAPTURE_AUTORELEASING = YES;
				CLANG_WARN_BOOL_CONVERSION = YES;
				CLANG_WARN_COMMA = YES;
				CLANG_WARN_CONSTANT_CONVERSION = YES;
				CLANG_WARN_DEPRECATED_OBJC_IMPLEMENTATIONS = YES;
				CLANG_WARN_DIRECT_OBJC_ISA_USAGE = YES_ERROR;
				CLANG_WARN_DOCUMENTATION_COMMENTS = YES;
				CLANG_WARN_EMPTY_BODY = YES;
				CLANG_WARN_ENUM_CONVERSION = YES;
				CLANG_WARN_INFINITE_RECURSION = YES;
				CLANG_WARN_INT_CONVERSION = YES;
				CLANG_WARN_NON_LITERAL_NULL_CONVERSION = YES;
				CLANG_WARN_OBJC_IMPLICIT_RETAIN_SELF = YES;
				CLANG_WARN_OBJC_LITERAL_CONVERSION = YES;
				CLANG_WARN_OBJC_ROOT_CLASS = YES_ERROR;
				CLANG_WARN_QUOTED_INCLUDE_IN_FRAMEWORK_HEADER = YES;
				CLANG_WARN_RANGE_LOOP_ANALYSIS = YES;
				CLANG_WARN_STRICT_PROTOTYPES = YES;
				CLANG_WARN_SUSPICIOUS_MOVE = YES;
				CLANG_WARN_UNGUARDED_AVAILABILITY = YES_AGGRESSIVE;
				CLANG_WARN_UNREACHABLE_CODE = YES;
				CLANG_WARN__DUPLICATE_METHOD_MATCH = YES;
				COPY_PHASE_STRIP = NO;
				DEBUG_INFORMATION_FORMAT = dwarf;
				ENABLE_STRICT_OBJC_MSGSEND = YES;
				ENABLE_TESTABILITY = YES;
				GCC_C_LANGUAGE_STANDARD = gnu11;
				GCC_DYNAMIC_NO_PIC = NO;
				GCC_NO_COMMON_BLOCKS = YES;
				GCC_OPTIMIZATION_LEVEL = 0;
				GCC_PREPROCESSOR_DEFINITIONS = (
					"DEBUG=1",
					"$(inherited)",
				);
				GCC_WARN_64_TO_32_BIT_CONVERSION = YES;
				GCC_WARN_ABOUT_RETURN_TYPE = YES_ERROR;
				GCC_WARN_UNDECLARED_SELECTOR = YES;
				GCC_WARN_UNINITIALIZED_AUTOS = YES_AGGRESSIVE;
				GCC_WARN_UNUSED_FUNCTION = YES;
				GCC_WARN_UNUSED_VARIABLE = YES;
				IPHONEOS_DEPLOYMENT_TARGET = 15.4;
				MTL_ENABLE_DEBUG_INFO = INCLUDE_SOURCE;
				MTL_FAST_MATH = YES;
				ONLY_ACTIVE_ARCH = YES;
				SDKROOT = iphoneos;
				SWIFT_ACTIVE_COMPILATION_CONDITIONS = DEBUG;
				SWIFT_OPTIMIZATION_LEVEL = "-Onone";
			};
			name = Debug;
		};
		5ADB11FD2818FDA000BBF7FC /* Release */ = {
			isa = XCBuildConfiguration;
			buildSettings = {
				ALWAYS_SEARCH_USER_PATHS = NO;
				CLANG_ANALYZER_NONNULL = YES;
				CLANG_ANALYZER_NUMBER_OBJECT_CONVERSION = YES_AGGRESSIVE;
				CLANG_CXX_LANGUAGE_STANDARD = "gnu++17";
				CLANG_ENABLE_MODULES = YES;
				CLANG_ENABLE_OBJC_ARC = YES;
				CLANG_ENABLE_OBJC_WEAK = YES;
				CLANG_WARN_BLOCK_CAPTURE_AUTORELEASING = YES;
				CLANG_WARN_BOOL_CONVERSION = YES;
				CLANG_WARN_COMMA = YES;
				CLANG_WARN_CONSTANT_CONVERSION = YES;
				CLANG_WARN_DEPRECATED_OBJC_IMPLEMENTATIONS = YES;
				CLANG_WARN_DIRECT_OBJC_ISA_USAGE = YES_ERROR;
				CLANG_WARN_DOCUMENTATION_COMMENTS = YES;
				CLANG_WARN_EMPTY_BODY = YES;
				CLANG_WARN_ENUM_CONVERSION = YES;
				CLANG_WARN_INFINITE_RECURSION = YES;
				CLANG_WARN_INT_CONVERSION = YES;
				CLANG_WARN_NON_LITERAL_NULL_CONVERSION = YES;
				CLANG_WARN_OBJC_IMPLICIT_RETAIN_SELF = YES;
				CLANG_WARN_OBJC_LITERAL_CONVERSION = YES;
				CLANG_WARN_OBJC_ROOT_CLASS = YES_ERROR;
				CLANG_WARN_QUOTED_INCLUDE_IN_FRAMEWORK_HEADER = YES;
				CLANG_WARN_RANGE_LOOP_ANALYSIS = YES;
				CLANG_WARN_STRICT_PROTOTYPES = YES;
				CLANG_WARN_SUSPICIOUS_MOVE = YES;
				CLANG_WARN_UNGUARDED_AVAILABILITY = YES_AGGRESSIVE;
				CLANG_WARN_UNREACHABLE_CODE = YES;
				CLANG_WARN__DUPLICATE_METHOD_MATCH = YES;
				COPY_PHASE_STRIP = NO;
				DEBUG_INFORMATION_FORMAT = "dwarf-with-dsym";
				ENABLE_NS_ASSERTIONS = NO;
				ENABLE_STRICT_OBJC_MSGSEND = YES;
				GCC_C_LANGUAGE_STANDARD = gnu11;
				GCC_NO_COMMON_BLOCKS = YES;
				GCC_WARN_64_TO_32_BIT_CONVERSION = YES;
				GCC_WARN_ABOUT_RETURN_TYPE = YES_ERROR;
				GCC_WARN_UNDECLARED_SELECTOR = YES;
				GCC_WARN_UNINITIALIZED_AUTOS = YES_AGGRESSIVE;
				GCC_WARN_UNUSED_FUNCTION = YES;
				GCC_WARN_UNUSED_VARIABLE = YES;
				IPHONEOS_DEPLOYMENT_TARGET = 15.4;
				MTL_ENABLE_DEBUG_INFO = NO;
				MTL_FAST_MATH = YES;
				SDKROOT = iphoneos;
				SWIFT_COMPILATION_MODE = wholemodule;
				SWIFT_OPTIMIZATION_LEVEL = "-O";
				VALIDATE_PRODUCT = YES;
			};
			name = Release;
		};
		5ADB11FF2818FDA000BBF7FC /* Debug */ = {
			isa = XCBuildConfiguration;
			baseConfigurationReference = 39DE1B4E2D4DDAC46137B4BD /* Pods-BCSell.debug.xcconfig */;
			buildSettings = {
				ASSETCATALOG_COMPILER_APPICON_NAME = AppIcon;
				ASSETCATALOG_COMPILER_GLOBAL_ACCENT_COLOR_NAME = AccentColor;
				CODE_SIGN_STYLE = Automatic;
				CURRENT_PROJECT_VERSION = 1;
				DEVELOPMENT_TEAM = SNFX32U869;
				GENERATE_INFOPLIST_FILE = YES;
				INFOPLIST_FILE = BCSell/Info.plist;
				INFOPLIST_KEY_UIApplicationSupportsIndirectInputEvents = YES;
				INFOPLIST_KEY_UILaunchStoryboardName = LaunchScreen;
				INFOPLIST_KEY_UIMainStoryboardFile = Main;
				INFOPLIST_KEY_UISupportedInterfaceOrientations_iPad = "UIInterfaceOrientationPortrait UIInterfaceOrientationPortraitUpsideDown UIInterfaceOrientationLandscapeLeft UIInterfaceOrientationLandscapeRight";
				INFOPLIST_KEY_UISupportedInterfaceOrientations_iPhone = "UIInterfaceOrientationPortrait UIInterfaceOrientationLandscapeLeft UIInterfaceOrientationLandscapeRight";
				LD_RUNPATH_SEARCH_PATHS = (
					"$(inherited)",
					"@executable_path/Frameworks",
				);
				MARKETING_VERSION = 1.0;
				PRODUCT_BUNDLE_IDENTIFIER = com.montes.BCSell;
				PRODUCT_NAME = "$(TARGET_NAME)";
				SWIFT_EMIT_LOC_STRINGS = YES;
				SWIFT_VERSION = 5.0;
				TARGETED_DEVICE_FAMILY = "1,2";
			};
			name = Debug;
		};
		5ADB12002818FDA000BBF7FC /* Release */ = {
			isa = XCBuildConfiguration;
			baseConfigurationReference = 5DD4928A8294BC73E7727E38 /* Pods-BCSell.release.xcconfig */;
			buildSettings = {
				ASSETCATALOG_COMPILER_APPICON_NAME = AppIcon;
				ASSETCATALOG_COMPILER_GLOBAL_ACCENT_COLOR_NAME = AccentColor;
				CODE_SIGN_STYLE = Automatic;
				CURRENT_PROJECT_VERSION = 1;
				DEVELOPMENT_TEAM = SNFX32U869;
				GENERATE_INFOPLIST_FILE = YES;
				INFOPLIST_FILE = BCSell/Info.plist;
				INFOPLIST_KEY_UIApplicationSupportsIndirectInputEvents = YES;
				INFOPLIST_KEY_UILaunchStoryboardName = LaunchScreen;
				INFOPLIST_KEY_UIMainStoryboardFile = Main;
				INFOPLIST_KEY_UISupportedInterfaceOrientations_iPad = "UIInterfaceOrientationPortrait UIInterfaceOrientationPortraitUpsideDown UIInterfaceOrientationLandscapeLeft UIInterfaceOrientationLandscapeRight";
				INFOPLIST_KEY_UISupportedInterfaceOrientations_iPhone = "UIInterfaceOrientationPortrait UIInterfaceOrientationLandscapeLeft UIInterfaceOrientationLandscapeRight";
				LD_RUNPATH_SEARCH_PATHS = (
					"$(inherited)",
					"@executable_path/Frameworks",
				);
				MARKETING_VERSION = 1.0;
				PRODUCT_BUNDLE_IDENTIFIER = com.montes.BCSell;
				PRODUCT_NAME = "$(TARGET_NAME)";
				SWIFT_EMIT_LOC_STRINGS = YES;
				SWIFT_VERSION = 5.0;
				TARGETED_DEVICE_FAMILY = "1,2";
			};
			name = Release;
		};
/* End XCBuildConfiguration section */

/* Begin XCConfigurationList section */
		5ADB11E52818FD9E00BBF7FC /* Build configuration list for PBXProject "BCSell" */ = {
			isa = XCConfigurationList;
			buildConfigurations = (
				5ADB11FC2818FDA000BBF7FC /* Debug */,
				5ADB11FD2818FDA000BBF7FC /* Release */,
			);
			defaultConfigurationIsVisible = 0;
			defaultConfigurationName = Release;
		};
		5ADB11FE2818FDA000BBF7FC /* Build configuration list for PBXNativeTarget "BCSell" */ = {
			isa = XCConfigurationList;
			buildConfigurations = (
				5ADB11FF2818FDA000BBF7FC /* Debug */,
				5ADB12002818FDA000BBF7FC /* Release */,
			);
			defaultConfigurationIsVisible = 0;
			defaultConfigurationName = Release;
		};
/* End XCConfigurationList section */
	};
	rootObject = 5ADB11E22818FD9E00BBF7FC /* Project object */;
}
